<?xml version="1.0" encoding="utf-8"?>
<Project ToolsVersion="4.0" xmlns="http://schemas.microsoft.com/developer/msbuild/2003">
  <ItemGroup>
    <ClCompile Include="src\main.cpp" />
    <ClCompile Include="src\pch\pch.cpp" />
    <ClCompile Include="src\application\application.ixx" />
    <ClCompile Include="src\application\application_impl.cpp" />
    <ClCompile Include="src\graph\view\texture_loader\texture_loader.ixx" />
    <ClCompile Include="src\graph\view\texture_loader\texture_loader_impl.cpp" />
    <ClCompile Include="src\graph\view\ui\graph_ui.ixx" />
    <ClCompile Include="src\graph\view\ui\graph_ui_impl.cpp" />
    <ClCompile Include="src\graph\view_model\graph_view_model.ixx" />
    <ClCompile Include="src\graph\view_model\graph_view_model_impl.cpp" />
    <ClCompile Include="..\GraphModel\src\model\graph_model.ixx" />
    <ClCompile Include="..\GraphModel\src\model\gridmap\gridmap.ixx" />
    <ClCompile Include="..\GraphModel\src\model\defines\graph_model_defines.ixx" />
    <ClCompile Include="..\GraphModel\src\math\graph_math.ixx" />
    <ClCompile Include="src\graph\view_model\defines\graph_view_model_defines.ixx" />
    <ClCompile Include="..\GraphModel\src\model\edge_storage\edge_storage.ixx" />
    <ClCompile Include="src\graph\view_model\listener\graph_view_model_listener.ixx" />
    <ClCompile Include="..\GraphCommon\src\common\graph_common.ixx" />
    <ClCompile Include="..\GraphModel\src\loader\graph_loader.ixx" />
    <ClCompile Include="src\graph\view\settings\graph_view_settings.ixx" />
    <ClCompile Include="src\graph\document\graph_document.ixx" />
    <ClCompile Include="src\graph\document\graph_document_impl.cpp" />
    <ClCompile Include="src\graph\view\renderer\graph_renderer.ixx" />
    <ClCompile Include="src\graph\view\renderer\graph_renderer_impl.cpp" />
    <ClCompile Include="src\graph\document\handler\graph_document_handler.ixx" />
    <ClCompile Include="src\graph\document\handler\graph_document_handler_impl.cpp" />
    <ClCompile Include="src\graph\document\listener\graph_document_listener.ixx" />
    <ClCompile Include="src\graph\view\ui\log_view\log_view.ixx" />
    <ClCompile Include="src\graph\view\ui\log_view\log_view_impl.cpp" />
    <ClCompile Include="src\graph\view\ui\file_view\file_view.ixx" />
    <ClCompile Include="src\graph\view\ui\file_view\file_view_impl.cpp" />
    <ClCompile Include="src\graph\settings_manager\settings_manager.ixx" />
    <ClCompile Include="src\graph\settings_manager\settings_manager_impl.cpp" />
    <ClCompile Include="..\GraphModel\src\loader\osm\osm_load_settings.ixx" />
    <ClCompile Include="src\graph\view\ui\node_viewer\node_viewer_impl.cpp" />
    <ClCompile Include="src\graph\view\ui\node_viewer\node_viewer.ixx" />
    <ClCompile Include="..\GraphModel\src\algorithms\algorithm.ixx" />
    <ClCompile Include="..\GraphModel\src\algorithms\node_states.ixx" />
    <ClCompile Include="..\GraphModel\src\algorithms\factory\algorithm_factory.ixx" />
    <ClCompile Include="..\GraphModel\src\algorithms\listener\algorithm_listener.ixx" />
    <ClCompile Include="src\graph\view\ui\pseudocode_view\pseudocode_view.ixx" />
    <ClCompile Include="src\graph\view\ui\pseudocode_view\pseudocode_view_impl.cpp" />
    <ClCompile Include="..\GraphModel\src\model\heuristic\heuristic.ixx" />
  </ItemGroup>
  <ItemGroup>
    <ClInclude Include="src\pch\pch.h" />
  </ItemGroup>
</Project>