<?xml version="1.0" encoding="utf-8"?>
<Project ToolsVersion="4.0" xmlns="http://schemas.microsoft.com/developer/msbuild/2003">
  <ItemGroup>
    <ClCompile Include="src\main.cpp" />
    <ClCompile Include="src\pch\pch.cpp" />
    <ClCompile Include="src\application\application.ixx" />
    <ClCompile Include="src\application\application_impl.cpp" />
    <ClCompile Include="src\graph\view\texture_loader\texture_loader.ixx" />
    <ClCompile Include="src\graph\view\texture_loader\texture_loader_impl.cpp" />
    <ClCompile Include="src\graph\view\graph_view.ixx" />
    <ClCompile Include="src\graph\view\graph_view_impl.cpp" />
    <ClCompile Include="src\graph\view_model\graph_view_model.ixx" />
    <ClCompile Include="src\graph\view_model\graph_view_model_impl.cpp" />
    <ClCompile Include="..\GraphModel\src\model\graph_model.ixx" />
    <ClCompile Include="..\GraphModel\src\model\gridmap\gridmap.ixx" />
    <ClCompile Include="..\GraphModel\src\model\defines\graph_model_defines.ixx" />
    <ClCompile Include="..\GraphModel\src\math\graph_math.ixx" />
    <ClCompile Include="src\graph\view_model\defines\graph_view_model_defines.ixx" />
    <ClCompile Include="..\GraphModel\src\model\edge_storage\edge_storage.ixx" />
    <ClCompile Include="..\GraphModel\src\utils\utils.ixx" />
  </ItemGroup>
  <ItemGroup>
    <ClInclude Include="src\pch\pch.h" />
  </ItemGroup>
</Project>