<?xml version="1.0" encoding="utf-8"?>
<Project ToolsVersion="4.0" xmlns="http://schemas.microsoft.com/developer/msbuild/2003">
  <ItemGroup>
    <ClCompile Include="src\form\GraphApp.cpp" />
    <ClCompile Include="src\main.cpp" />
    <ClCompile Include="src\pch\pch.cpp" />
    <ClCompile Include="src\graph\Graph.cpp" />
    <ClCompile Include="src\graph\Node.cpp" />
    <ClCompile Include="src\random\Random.cpp" />
    <ClCompile Include="src\form\pseudocode\PseudocodeForm.cpp" />
    <ClCompile Include="src\graph\GraphManager.cpp" />
    <ClCompile Include="src\graph\QuadTree.cpp" />
    <ClCompile Include="src\graph\storage\AdjacencyMatrix.cpp" />
    <ClCompile Include="src\graph\pbf\PBFLoader.cpp" />
    <ClCompile Include="src\graph\storage\AdjacencyList.cpp" />
    <ClCompile Include="src\form\loading_screen\LoadingScreen.cpp" />
    <ClCompile Include="src\form\adjacency_list\AdjacencyListBuilder.cpp" />
    <ClCompile Include="src\form\scene_size\SceneSizeInput.cpp" />
    <ClCompile Include="src\graph\algorithms\ITimedAlgorithm.cpp" />
    <ClCompile Include="src\graph\algorithms\traversals\GenericTraversal.cpp" />
    <ClCompile Include="src\graph\algorithms\IAlgorithm.cpp" />
    <ClCompile Include="src\graph\algorithms\traversals\GenericTotalTraversal.cpp" />
    <ClCompile Include="src\graph\algorithms\paths\PathReconstruction.cpp" />
    <ClCompile Include="src\graph\algorithms\traversals\BreadthFirstTraversal.cpp" />
    <ClCompile Include="src\graph\algorithms\traversals\DepthFirstTraversal.cpp" />
    <ClCompile Include="src\graph\algorithms\traversals\DepthFirstTotalTraversal.cpp" />
    <ClCompile Include="src\graph\algorithms\custom\TopologicalSort.cpp" />
    <ClCompile Include="src\graph\algorithms\custom\ConnectedComponents.cpp" />
    <ClCompile Include="src\graph\algorithms\custom\StronglyConnectedComponents.cpp" />
  </ItemGroup>
  <ItemGroup>
    <QtMoc Include="src\form\GraphApp.h" />
    <QtMoc Include="src\graph\Graph.h" />
    <QtMoc Include="src\form\pseudocode\PseudocodeForm.h" />
    <QtMoc Include="src\graph\GraphManager.h" />
    <QtMoc Include="src\form\loading_screen\LoadingScreen.h" />
    <QtMoc Include="src\form\adjacency_list\AdjacencyListBuilder.h" />
    <QtMoc Include="src\form\scene_size\SceneSizeInput.h" />
    <QtMoc Include="src\graph\algorithms\IAlgorithm.h" />
    <QtMoc Include="src\graph\algorithms\ITimedAlgorithm.h" />
    <QtMoc Include="src\graph\algorithms\traversals\GenericTraversal.h" />
    <QtMoc Include="src\graph\algorithms\traversals\GenericTotalTraversal.h" />
    <QtMoc Include="src\graph\algorithms\paths\PathReconstruction.h" />
    <QtMoc Include="src\graph\algorithms\traversals\BreadthFirstTraversal.h" />
    <QtMoc Include="src\graph\algorithms\traversals\DepthFirstTraversal.h" />
    <QtMoc Include="src\graph\algorithms\traversals\DepthFirstTotalTraversal.h" />
    <QtMoc Include="src\graph\algorithms\custom\TopologicalSort.h" />
    <QtMoc Include="src\graph\algorithms\custom\StronglyConnectedComponents.h" />
    <QtMoc Include="src\graph\algorithms\custom\ConnectedComponents.h" />
  </ItemGroup>
  <ItemGroup>
    <ClInclude Include="src\pch\pch.h" />
    <ClInclude Include="src\random\Random.h" />
    <ClInclude Include="src\graph\QuadTree.h" />
    <ClInclude Include="src\graph\storage\AdjacencyMatrix.h" />
    <ClInclude Include="src\graph\Node.h" />
    <ClInclude Include="src\graph\pbf\PBFLoader.h" />
    <ClInclude Include="src\graph\storage\IGraphStorage.h" />
    <ClInclude Include="src\graph\storage\AdjacencyList.h" />
  </ItemGroup>
  <ItemGroup>
    <QtUic Include="src\form\GraphApp.ui" />
    <QtUic Include="src\form\pseudocode\PseudocodeForm.ui" />
    <QtUic Include="src\form\loading_screen\LoadingScreen.ui" />
    <QtUic Include="src\form\adjacency_list\AdjacencyListBuilder.ui" />
    <QtUic Include="src\form\scene_size\SceneSizeInput.ui" />
  </ItemGroup>
</Project>