<?xml version="1.0" encoding="utf-8"?>
<Project ToolsVersion="4.0" xmlns="http://schemas.microsoft.com/developer/msbuild/2003">
  <ItemGroup>
    <ClCompile Include="src\form\GraphApp.cpp" />
    <ClCompile Include="src\main.cpp" />
    <ClCompile Include="src\pch\pch.cpp" />
    <ClCompile Include="src\graph\Graph.cpp" />
    <ClCompile Include="src\graph\Node.cpp" />
    <ClCompile Include="src\random\Random.cpp" />
    <ClCompile Include="src\form\pseudocode\PseudocodeForm.cpp" />
    <ClCompile Include="src\form\intermediate_graph\IntermediateGraph.cpp" />
    <ClCompile Include="src\graph\GraphManager.cpp" />
    <ClCompile Include="src\graph\QuadTree.cpp" />
    <ClCompile Include="src\graph\storage\AdjacencyMatrix.cpp" />
    <ClCompile Include="src\graph\pbf\PBFLoader.cpp" />
    <ClCompile Include="src\graph\storage\AdjacencyList.cpp" />
    <ClCompile Include="src\form\loading_screen\LoadingScreen.cpp" />
  </ItemGroup>
  <ItemGroup>
    <QtMoc Include="src\form\GraphApp.h" />
    <QtMoc Include="src\graph\Graph.h" />
    <QtMoc Include="src\form\pseudocode\PseudocodeForm.h" />
    <QtMoc Include="src\form\intermediate_graph\IntermediateGraph.h" />
    <QtMoc Include="src\graph\GraphManager.h" />
    <QtMoc Include="src\form\loading_screen\LoadingScreen.h" />
  </ItemGroup>
  <ItemGroup>
    <ClInclude Include="src\pch\pch.h" />
    <ClInclude Include="src\random\Random.h" />
    <ClInclude Include="src\graph\QuadTree.h" />
    <ClInclude Include="src\graph\storage\AdjacencyMatrix.h" />
    <ClInclude Include="src\graph\Node.h" />
    <ClInclude Include="src\graph\pbf\PBFLoader.h" />
    <ClInclude Include="src\graph\storage\IGraphStorage.h" />
    <ClInclude Include="src\graph\storage\AdjacencyList.h" />
    <ClInclude Include="src\tracker\MemoryTracker.h" />
  </ItemGroup>
  <ItemGroup>
    <QtUic Include="src\form\GraphApp.ui" />
    <QtUic Include="src\form\pseudocode\PseudocodeForm.ui" />
    <QtUic Include="src\form\intermediate_graph\IntermediateGraph.ui" />
    <QtUic Include="src\form\loading_screen\LoadingScreen.ui" />
  </ItemGroup>
</Project>