<?xml version="1.0" encoding="utf-8"?>
<Project ToolsVersion="4.0" xmlns="http://schemas.microsoft.com/developer/msbuild/2003">
  <ItemGroup>
    <ClCompile Include="src\model\defines\graph_model_defines.ixx" />
    <ClCompile Include="src\model\defines\graph_model_defines_impl.cpp" />
    <ClCompile Include="src\model\gridmap\gridmap.ixx" />
    <ClCompile Include="src\model\gridmap\gridmap_impl.cpp" />
    <ClCompile Include="src\model\graph_model.ixx" />
    <ClCompile Include="src\model\graph_model_impl.cpp" />
    <ClCompile Include="src\math\graph_math.ixx" />
    <ClCompile Include="src\pch\pch.cpp" />
    <ClCompile Include="src\model\edge_storage\edge_storage.ixx" />
    <ClCompile Include="src\model\edge_storage\editable\editable_edge_storage_impl.cpp" />
    <ClCompile Include="src\model\edge_storage\editable\editable_edge_storage.ixx" />
    <ClCompile Include="src\loader\osm\osm_loader.ixx" />
    <ClCompile Include="src\loader\osm\osm_loader_impl.cpp" />
    <ClCompile Include="src\loader\graph_loader_impl.cpp" />
    <ClCompile Include="src\loader\graph_loader.ixx" />
    <ClCompile Include="..\GraphCommon\src\common\graph_common.ixx" />
    <ClCompile Include="src\loader\binary\binary_loader.ixx" />
    <ClCompile Include="src\loader\binary\binary_loader_impl.cpp" />
    <ClCompile Include="src\loader\osm\osm_load_settings.ixx" />
    <ClCompile Include="src\algorithms\listener\algorithm_listener.ixx" />
    <ClCompile Include="src\algorithms\node_states.ixx" />
    <ClCompile Include="src\algorithms\algorithm.ixx" />
    <ClCompile Include="src\algorithms\traversals\breadth_first_search.ixx" />
    <ClCompile Include="src\algorithms\traversals\breadth_first_search_impl.cpp" />
    <ClCompile Include="src\algorithms\factory\algorithm_factory.ixx" />
    <ClCompile Include="src\algorithms\factory\algorithm_factory_impl.cpp" />
    <ClCompile Include="src\algorithms\base\algorithm_base.ixx" />
    <ClCompile Include="src\algorithms\base\algorithm_base_impl.cpp" />
    <ClCompile Include="src\algorithms\traversals\depth_first_search.ixx" />
    <ClCompile Include="src\algorithms\traversals\depth_first_search_impl.cpp" />
  </ItemGroup>
  <ItemGroup>
    <ClInclude Include="src\pch\pch.h" />
    <ClInclude Include="include\graph_model.h" />
  </ItemGroup>
</Project>